
Microsoft Visual Studio Solution File, Format Version 12.00
# Visual Studio Version 17
VisualStudioVersion = 17.1.32328.378
MinimumVisualStudioVersion = 10.0.40219.1
Project("{9A19103F-16F7-4668-BE54-9A1E7A4F7556}") = "ArtStreamHelper.WinUI", "ArtStreamHelper.WinUI\ArtStreamHelper.WinUI.csproj", "{465D8127-5AEE-48FF-B168-ABD156D26910}"
EndProject
Project("{9A19103F-16F7-4668-BE54-9A1E7A4F7556}") = "ArtStreamHelper.Core", "ArtStreamHelper.Core\ArtStreamHelper.Core.csproj", "{CBAEBAC4-3591-435E-8ECE-5FE46D5DA65B}"
EndProject
Project("{9A19103F-16F7-4668-BE54-9A1E7A4F7556}") = "ArtStreamHelper.Core.Test", "ArtStreamHelper.Core.Test\ArtStreamHelper.Core.Test.csproj", "{38CE1E34-DF8D-4314-8F63-AC880DABD63D}"
EndProject
Global
	GlobalSection(SolutionConfigurationPlatforms) = preSolution
		Debug|Any CPU = Debug|Any CPU
		Debug|x64 = Debug|x64
		Release|Any CPU = Release|Any CPU
		Release|x64 = Release|x64
	EndGlobalSection
	GlobalSection(ProjectConfigurationPlatforms) = postSolution
		{465D8127-5AEE-48FF-B168-ABD156D26910}.Debug|Any CPU.ActiveCfg = Debug|x64
		{465D8127-5AEE-48FF-B168-ABD156D26910}.Debug|Any CPU.Build.0 = Debug|x64
		{465D8127-5AEE-48FF-B168-ABD156D26910}.Debug|Any CPU.Deploy.0 = Debug|x64
		{465D8127-5AEE-48FF-B168-ABD156D26910}.Debug|x64.ActiveCfg = Debug|x64
		{465D8127-5AEE-48FF-B168-ABD156D26910}.Debug|x64.Build.0 = Debug|x64
		{465D8127-5AEE-48FF-B168-ABD156D26910}.Debug|x64.Deploy.0 = Debug|x64
		{465D8127-5AEE-48FF-B168-ABD156D26910}.Release|Any CPU.ActiveCfg = Release|x64
		{465D8127-5AEE-48FF-B168-ABD156D26910}.Release|Any CPU.Build.0 = Release|x64
		{465D8127-5AEE-48FF-B168-ABD156D26910}.Release|Any CPU.Deploy.0 = Release|x64
		{465D8127-5AEE-48FF-B168-ABD156D26910}.Release|x64.ActiveCfg = Release|x64
		{465D8127-5AEE-48FF-B168-ABD156D26910}.Release|x64.Build.0 = Release|x64
		{465D8127-5AEE-48FF-B168-ABD156D26910}.Release|x64.Deploy.0 = Release|x64
		{CBAEBAC4-3591-435E-8ECE-5FE46D5DA65B}.Debug|Any CPU.ActiveCfg = Debug|Any CPU
		{CBAEBAC4-3591-435E-8ECE-5FE46D5DA65B}.Debug|Any CPU.Build.0 = Debug|Any CPU
		{CBAEBAC4-3591-435E-8ECE-5FE46D5DA65B}.Debug|x64.ActiveCfg = Debug|Any CPU
		{CBAEBAC4-3591-435E-8ECE-5FE46D5DA65B}.Debug|x64.Build.0 = Debug|Any CPU
		{CBAEBAC4-3591-435E-8ECE-5FE46D5DA65B}.Release|Any CPU.ActiveCfg = Release|Any CPU
		{CBAEBAC4-3591-435E-8ECE-5FE46D5DA65B}.Release|Any CPU.Build.0 = Release|Any CPU
		{CBAEBAC4-3591-435E-8ECE-5FE46D5DA65B}.Release|x64.ActiveCfg = Release|Any CPU
		{CBAEBAC4-3591-435E-8ECE-5FE46D5DA65B}.Release|x64.Build.0 = Release|Any CPU
		{38CE1E34-DF8D-4314-8F63-AC880DABD63D}.Debug|Any CPU.ActiveCfg = Debug|Any CPU
		{38CE1E34-DF8D-4314-8F63-AC880DABD63D}.Debug|Any CPU.Build.0 = Debug|Any CPU
		{38CE1E34-DF8D-4314-8F63-AC880DABD63D}.Debug|x64.ActiveCfg = Debug|Any CPU
		{38CE1E34-DF8D-4314-8F63-AC880DABD63D}.Debug|x64.Build.0 = Debug|Any CPU
		{38CE1E34-DF8D-4314-8F63-AC880DABD63D}.Release|Any CPU.ActiveCfg = Release|Any CPU
		{38CE1E34-DF8D-4314-8F63-AC880DABD63D}.Release|Any CPU.Build.0 = Release|Any CPU
		{38CE1E34-DF8D-4314-8F63-AC880DABD63D}.Release|x64.ActiveCfg = Release|Any CPU
		{38CE1E34-DF8D-4314-8F63-AC880DABD63D}.Release|x64.Build.0 = Release|Any CPU
	EndGlobalSection
	GlobalSection(SolutionProperties) = preSolution
		HideSolutionNode = FALSE
	EndGlobalSection
	GlobalSection(ExtensibilityGlobals) = postSolution
		SolutionGuid = {453FB0D7-1B22-4D19-9429-A3E72FE41D90}
	EndGlobalSection
EndGlobal
